
Microsoft Visual Studio Solution File, Format Version 9.00
# Visual C# Express 2005
Project("{FAE04EC0-301F-11D3-BF4B-00C04F79EFBC}") = "EnBPatcher", "EnBPatcher.csproj", "{54A820F1-0A1E-4366-B817-2FB9B1048EB3}"
EndProject
Global
	GlobalSection(SolutionConfigurationPlatforms) = preSolution
		Debug|Any CPU = Debug|Any CPU
		Release|Any CPU = Release|Any CPU
	EndGlobalSection
	GlobalSection(ProjectConfigurationPlatforms) = postSolution
		{54A820F1-0A1E-4366-B817-2FB9B1048EB3}.Debug|Any CPU.ActiveCfg = Debug|Any CPU
		{54A820F1-0A1E-4366-B817-2FB9B1048EB3}.Debug|Any CPU.Build.0 = Debug|Any CPU
		{54A820F1-0A1E-4366-B817-2FB9B1048EB3}.Release|Any CPU.ActiveCfg = Release|Any CPU
		{54A820F1-0A1E-4366-B817-2FB9B1048EB3}.Release|Any CPU.Build.0 = Release|Any CPU
	EndGlobalSection
	GlobalSection(SolutionProperties) = preSolution
		HideSolutionNode = FALSE
	EndGlobalSection
EndGlobal
