
Microsoft Visual Studio Solution File, Format Version 10.00
# Visual Studio 2008
Project("{FAE04EC0-301F-11D3-BF4B-00C04F79EFBC}") = "SQLBind", "SQLBind\SQLBind.csproj", "{15ED9E55-55EE-44E5-86F6-595BAA80FA81}"
EndProject
Global
	GlobalSection(SolutionConfigurationPlatforms) = preSolution
		Debug|Any CPU = Debug|Any CPU
		Release|Any CPU = Release|Any CPU
	EndGlobalSection
	GlobalSection(ProjectConfigurationPlatforms) = postSolution
		{15ED9E55-55EE-44E5-86F6-595BAA80FA81}.Debug|Any CPU.ActiveCfg = Debug|Any CPU
		{15ED9E55-55EE-44E5-86F6-595BAA80FA81}.Debug|Any CPU.Build.0 = Debug|Any CPU
		{15ED9E55-55EE-44E5-86F6-595BAA80FA81}.Release|Any CPU.ActiveCfg = Release|Any CPU
		{15ED9E55-55EE-44E5-86F6-595BAA80FA81}.Release|Any CPU.Build.0 = Release|Any CPU
	EndGlobalSection
	GlobalSection(SolutionProperties) = preSolution
		HideSolutionNode = FALSE
	EndGlobalSection
EndGlobal
