
Microsoft Visual Studio Solution File, Format Version 10.00
# Visual C# Express 2008
Project("{FAE04EC0-301F-11D3-BF4B-00C04F79EFBC}") = "N7 Mob Editor", "N7 Mob Editor.csproj", "{6DC786D5-8397-4159-B69B-D77268260D8D}"
EndProject
Global
	GlobalSection(SolutionConfigurationPlatforms) = preSolution
		Debug|Any CPU = Debug|Any CPU
		Release|Any CPU = Release|Any CPU
	EndGlobalSection
	GlobalSection(ProjectConfigurationPlatforms) = postSolution
		{6DC786D5-8397-4159-B69B-D77268260D8D}.Debug|Any CPU.ActiveCfg = Debug|Any CPU
		{6DC786D5-8397-4159-B69B-D77268260D8D}.Debug|Any CPU.Build.0 = Debug|Any CPU
		{6DC786D5-8397-4159-B69B-D77268260D8D}.Release|Any CPU.ActiveCfg = Release|Any CPU
		{6DC786D5-8397-4159-B69B-D77268260D8D}.Release|Any CPU.Build.0 = Release|Any CPU
	EndGlobalSection
	GlobalSection(SolutionProperties) = preSolution
		HideSolutionNode = FALSE
	EndGlobalSection
EndGlobal
